
Microsoft Visual Studio Solution File, Format Version 12.00
# Visual Studio 15
VisualStudioVersion = 15.0.27703.2026
MinimumVisualStudioVersion = 10.0.40219.1
Project("{FAE04EC0-301F-11D3-BF4B-00C04F79EFBC}") = "TourRide", "TourRide\TourRide.csproj", "{966B3622-0FC8-4154-B303-010CAE0CD3D1}"
EndProject
Global
	GlobalSection(SolutionConfigurationPlatforms) = preSolution
		Debug|Any CPU = Debug|Any CPU
		Release|Any CPU = Release|Any CPU
	EndGlobalSection
	GlobalSection(ProjectConfigurationPlatforms) = postSolution
		{966B3622-0FC8-4154-B303-010CAE0CD3D1}.Debug|Any CPU.ActiveCfg = Debug|Any CPU
		{966B3622-0FC8-4154-B303-010CAE0CD3D1}.Debug|Any CPU.Build.0 = Debug|Any CPU
		{966B3622-0FC8-4154-B303-010CAE0CD3D1}.Release|Any CPU.ActiveCfg = Release|Any CPU
		{966B3622-0FC8-4154-B303-010CAE0CD3D1}.Release|Any CPU.Build.0 = Release|Any CPU
	EndGlobalSection
	GlobalSection(SolutionProperties) = preSolution
		HideSolutionNode = FALSE
	EndGlobalSection
	GlobalSection(ExtensibilityGlobals) = postSolution
		SolutionGuid = {A7B1209F-C292-4198-8F40-17AE9F347F24}
	EndGlobalSection
EndGlobal
